
Microsoft Visual Studio Solution File, Format Version 12.00
# Visual Studio Version 16
VisualStudioVersion = 16.0.32002.261
MinimumVisualStudioVersion = 10.0.40219.1
Project("{9A19103F-16F7-4668-BE54-9A1E7A4F7556}") = "Infosys.QuickKart.DAL", "Infosys.QuickKart.DAL\Infosys.QuickKart.DAL.csproj", "{3401B0DE-A209-432E-BADC-99BCBCBB06A7}"
EndProject
Project("{9A19103F-16F7-4668-BE54-9A1E7A4F7556}") = "Infosys.QuickKart.Services", "Infosys.QuickKart.Services\Infosys.QuickKart.Services.csproj", "{5BBA4EF0-CE41-43F9-A2E3-82A15E05E0F5}"
EndProject
Global
	GlobalSection(SolutionConfigurationPlatforms) = preSolution
		Debug|Any CPU = Debug|Any CPU
		Release|Any CPU = Release|Any CPU
	EndGlobalSection
	GlobalSection(ProjectConfigurationPlatforms) = postSolution
		{3401B0DE-A209-432E-BADC-99BCBCBB06A7}.Debug|Any CPU.ActiveCfg = Debug|Any CPU
		{3401B0DE-A209-432E-BADC-99BCBCBB06A7}.Debug|Any CPU.Build.0 = Debug|Any CPU
		{3401B0DE-A209-432E-BADC-99BCBCBB06A7}.Release|Any CPU.ActiveCfg = Release|Any CPU
		{3401B0DE-A209-432E-BADC-99BCBCBB06A7}.Release|Any CPU.Build.0 = Release|Any CPU
		{5BBA4EF0-CE41-43F9-A2E3-82A15E05E0F5}.Debug|Any CPU.ActiveCfg = Debug|Any CPU
		{5BBA4EF0-CE41-43F9-A2E3-82A15E05E0F5}.Debug|Any CPU.Build.0 = Debug|Any CPU
		{5BBA4EF0-CE41-43F9-A2E3-82A15E05E0F5}.Release|Any CPU.ActiveCfg = Release|Any CPU
		{5BBA4EF0-CE41-43F9-A2E3-82A15E05E0F5}.Release|Any CPU.Build.0 = Release|Any CPU
	EndGlobalSection
	GlobalSection(SolutionProperties) = preSolution
		HideSolutionNode = FALSE
	EndGlobalSection
	GlobalSection(ExtensibilityGlobals) = postSolution
		SolutionGuid = {7E189110-80F5-4006-A35D-D63789F266B1}
	EndGlobalSection
EndGlobal
